
Microsoft Visual Studio Solution File, Format Version 12.00
# Visual Studio Version 17
VisualStudioVersion = 17.4.33110.190
MinimumVisualStudioVersion = 10.0.40219.1
Project("{FAE04EC0-301F-11D3-BF4B-00C04F79EFBC}") = "СП5", "СП5\СП5.csproj", "{2404C78D-F248-41D0-AC88-4CC8125809FC}"
EndProject
Global
	GlobalSection(SolutionConfigurationPlatforms) = preSolution
		Debug|Any CPU = Debug|Any CPU
		Release|Any CPU = Release|Any CPU
	EndGlobalSection
	GlobalSection(ProjectConfigurationPlatforms) = postSolution
		{2404C78D-F248-41D0-AC88-4CC8125809FC}.Debug|Any CPU.ActiveCfg = Debug|Any CPU
		{2404C78D-F248-41D0-AC88-4CC8125809FC}.Debug|Any CPU.Build.0 = Debug|Any CPU
		{2404C78D-F248-41D0-AC88-4CC8125809FC}.Release|Any CPU.ActiveCfg = Release|Any CPU
		{2404C78D-F248-41D0-AC88-4CC8125809FC}.Release|Any CPU.Build.0 = Release|Any CPU
	EndGlobalSection
	GlobalSection(SolutionProperties) = preSolution
		HideSolutionNode = FALSE
	EndGlobalSection
	GlobalSection(ExtensibilityGlobals) = postSolution
		SolutionGuid = {A108B048-8AD3-4206-BD86-4E744E130B26}
	EndGlobalSection
EndGlobal
